// !$*UTF8*$!
{
	archiveVersion = 1;
	classes = {
	};
	objectVersion = 56;
	objects = {

/* Begin PBXBuildFile section */
		66D37A7E28FF198200A997A4 /* AppDelegate.swift in Sources */ = {isa = PBXBuildFile; fileRef = 66D37A7D28FF198200A997A4 /* AppDelegate.swift */; };
		66D37A8028FF198200A997A4 /* SceneDelegate.swift in Sources */ = {isa = PBXBuildFile; fileRef = 66D37A7F28FF198200A997A4 /* SceneDelegate.swift */; };
		66D37A8228FF198200A997A4 /* ViewController.swift in Sources */ = {isa = PBXBuildFile; fileRef = 66D37A8128FF198200A997A4 /* ViewController.swift */; };
		66D37A8528FF198200A997A4 /* Main.storyboard in Resources */ = {isa = PBXBuildFile; fileRef = 66D37A8328FF198200A997A4 /* Main.storyboard */; };
		66D37A8728FF198300A997A4 /* Assets.xcassets in Resources */ = {isa = PBXBuildFile; fileRef = 66D37A8628FF198300A997A4 /* Assets.xcassets */; };
		66D37A8A28FF198300A997A4 /* LaunchScreen.storyboard in Resources */ = {isa = PBXBuildFile; fileRef = 66D37A8828FF198300A997A4 /* LaunchScreen.storyboard */; };
		66D37A9228FF1C6900A997A4 /* YellowViewController.swift in Sources */ = {isa = PBXBuildFile; fileRef = 66D37A9128FF1C6900A997A4 /* YellowViewController.swift */; };
		66D37A9428FF1C7B00A997A4 /* GreenViewController.swift in Sources */ = {isa = PBXBuildFile; fileRef = 66D37A9328FF1C7B00A997A4 /* GreenViewController.swift */; };
		66D37A9B28FF27E000A997A4 /* RedViewController.swift in Sources */ = {isa = PBXBuildFile; fileRef = 66D37A9A28FF27E000A997A4 /* RedViewController.swift */; };
		66D37A9D28FF285D00A997A4 /* BlueViewController.swift in Sources */ = {isa = PBXBuildFile; fileRef = 66D37A9C28FF285D00A997A4 /* BlueViewController.swift */; };
		66D37A9F28FF29F300A997A4 /* UIViewController+InitFromSb.swift in Sources */ = {isa = PBXBuildFile; fileRef = 66D37A9E28FF29F300A997A4 /* UIViewController+InitFromSb.swift */; };
/* End PBXBuildFile section */

/* Begin PBXFileReference section */
		66D37A7A28FF198200A997A4 /* 18-Segues.app */ = {isa = PBXFileReference; explicitFileType = wrapper.application; includeInIndex = 0; path = "18-Segues.app"; sourceTree = BUILT_PRODUCTS_DIR; };
		66D37A7D28FF198200A997A4 /* AppDelegate.swift */ = {isa = PBXFileReference; lastKnownFileType = sourcecode.swift; path = AppDelegate.swift; sourceTree = "<group>"; };
		66D37A7F28FF198200A997A4 /* SceneDelegate.swift */ = {isa = PBXFileReference; lastKnownFileType = sourcecode.swift; path = SceneDelegate.swift; sourceTree = "<group>"; };
		66D37A8128FF198200A997A4 /* ViewController.swift */ = {isa = PBXFileReference; lastKnownFileType = sourcecode.swift; path = ViewController.swift; sourceTree = "<group>"; };
		66D37A8428FF198200A997A4 /* Base */ = {isa = PBXFileReference; lastKnownFileType = file.storyboard; name = Base; path = Base.lproj/Main.storyboard; sourceTree = "<group>"; };
		66D37A8628FF198300A997A4 /* Assets.xcassets */ = {isa = PBXFileReference; lastKnownFileType = folder.assetcatalog; path = Assets.xcassets; sourceTree = "<group>"; };
		66D37A8928FF198300A997A4 /* Base */ = {isa = PBXFileReference; lastKnownFileType = file.storyboard; name = Base; path = Base.lproj/LaunchScreen.storyboard; sourceTree = "<group>"; };
		66D37A8B28FF198300A997A4 /* Info.plist */ = {isa = PBXFileReference; lastKnownFileType = text.plist.xml; path = Info.plist; sourceTree = "<group>"; };
		66D37A9128FF1C6900A997A4 /* YellowViewController.swift */ = {isa = PBXFileReference; lastKnownFileType = sourcecode.swift; path = YellowViewController.swift; sourceTree = "<group>"; };
		66D37A9328FF1C7B00A997A4 /* GreenViewController.swift */ = {isa = PBXFileReference; lastKnownFileType = sourcecode.swift; path = GreenViewController.swift; sourceTree = "<group>"; };
		66D37A9A28FF27E000A997A4 /* RedViewController.swift */ = {isa = PBXFileReference; lastKnownFileType = sourcecode.swift; path = RedViewController.swift; sourceTree = "<group>"; };
		66D37A9C28FF285D00A997A4 /* BlueViewController.swift */ = {isa = PBXFileReference; lastKnownFileType = sourcecode.swift; path = BlueViewController.swift; sourceTree = "<group>"; };
		66D37A9E28FF29F300A997A4 /* UIViewController+InitFromSb.swift */ = {isa = PBXFileReference; lastKnownFileType = sourcecode.swift; path = "UIViewController+InitFromSb.swift"; sourceTree = "<group>"; };
/* End PBXFileReference section */

/* Begin PBXFrameworksBuildPhase section */
		66D37A7728FF198200A997A4 /* Frameworks */ = {
			isa = PBXFrameworksBuildPhase;
			buildActionMask = 2147483647;
			files = (
			);
			runOnlyForDeploymentPostprocessing = 0;
		};
/* End PBXFrameworksBuildPhase section */

/* Begin PBXGroup section */
		66D37A7128FF198200A997A4 = {
			isa = PBXGroup;
			children = (
				66D37A7C28FF198200A997A4 /* 18-Segues */,
				66D37A7B28FF198200A997A4 /* Products */,
			);
			sourceTree = "<group>";
		};
		66D37A7B28FF198200A997A4 /* Products */ = {
			isa = PBXGroup;
			children = (
				66D37A7A28FF198200A997A4 /* 18-Segues.app */,
			);
			name = Products;
			sourceTree = "<group>";
		};
		66D37A7C28FF198200A997A4 /* 18-Segues */ = {
			isa = PBXGroup;
			children = (
				66D37AA028FF2A4F00A997A4 /* Extensions */,
				66D37A9528FF1F3000A997A4 /* Views */,
				66D37A7D28FF198200A997A4 /* AppDelegate.swift */,
				66D37A7F28FF198200A997A4 /* SceneDelegate.swift */,
				66D37A8128FF198200A997A4 /* ViewController.swift */,
				66D37A8328FF198200A997A4 /* Main.storyboard */,
				66D37A8628FF198300A997A4 /* Assets.xcassets */,
				66D37A8828FF198300A997A4 /* LaunchScreen.storyboard */,
				66D37A8B28FF198300A997A4 /* Info.plist */,
			);
			path = "18-Segues";
			sourceTree = "<group>";
		};
		66D37A9528FF1F3000A997A4 /* Views */ = {
			isa = PBXGroup;
			children = (
				66D37A9128FF1C6900A997A4 /* YellowViewController.swift */,
				66D37A9328FF1C7B00A997A4 /* GreenViewController.swift */,
				66D37A9A28FF27E000A997A4 /* RedViewController.swift */,
				66D37A9C28FF285D00A997A4 /* BlueViewController.swift */,
			);
			path = Views;
			sourceTree = "<group>";
		};
		66D37AA028FF2A4F00A997A4 /* Extensions */ = {
			isa = PBXGroup;
			children = (
				66D37A9E28FF29F300A997A4 /* UIViewController+InitFromSb.swift */,
			);
			path = Extensions;
			sourceTree = "<group>";
		};
/* End PBXGroup section */

/* Begin PBXNativeTarget section */
		66D37A7928FF198200A997A4 /* 18-Segues */ = {
			isa = PBXNativeTarget;
			buildConfigurationList = 66D37A8E28FF198300A997A4 /* Build configuration list for PBXNativeTarget "18-Segues" */;
			buildPhases = (
				66D37A7628FF198200A997A4 /* Sources */,
				66D37A7728FF198200A997A4 /* Frameworks */,
				66D37A7828FF198200A997A4 /* Resources */,
			);
			buildRules = (
			);
			dependencies = (
			);
			name = "18-Segues";
			productName = "18-Segues";
			productReference = 66D37A7A28FF198200A997A4 /* 18-Segues.app */;
			productType = "com.apple.product-type.application";
		};
/* End PBXNativeTarget section */

/* Begin PBXProject section */
		66D37A7228FF198200A997A4 /* Project object */ = {
			isa = PBXProject;
			attributes = {
				BuildIndependentTargetsInParallel = 1;
				LastSwiftUpdateCheck = 1400;
				LastUpgradeCheck = 1400;
				TargetAttributes = {
					66D37A7928FF198200A997A4 = {
						CreatedOnToolsVersion = 14.0.1;
					};
				};
			};
			buildConfigurationList = 66D37A7528FF198200A997A4 /* Build configuration list for PBXProject "18-Segues" */;
			compatibilityVersion = "Xcode 14.0";
			developmentRegion = en;
			hasScannedForEncodings = 0;
			knownRegions = (
				en,
				Base,
			);
			mainGroup = 66D37A7128FF198200A997A4;
			productRefGroup = 66D37A7B28FF198200A997A4 /* Products */;
			projectDirPath = "";
			projectRoot = "";
			targets = (
				66D37A7928FF198200A997A4 /* 18-Segues */,
			);
		};
/* End PBXProject section */

/* Begin PBXResourcesBuildPhase section */
		66D37A7828FF198200A997A4 /* Resources */ = {
			isa = PBXResourcesBuildPhase;
			buildActionMask = 2147483647;
			files = (
				66D37A8A28FF198300A997A4 /* LaunchScreen.storyboard in Resources */,
				66D37A8728FF198300A997A4 /* Assets.xcassets in Resources */,
				66D37A8528FF198200A997A4 /* Main.storyboard in Resources */,
			);
			runOnlyForDeploymentPostprocessing = 0;
		};
/* End PBXResourcesBuildPhase section */

/* Begin PBXSourcesBuildPhase section */
		66D37A7628FF198200A997A4 /* Sources */ = {
			isa = PBXSourcesBuildPhase;
			buildActionMask = 2147483647;
			files = (
				66D37A9228FF1C6900A997A4 /* YellowViewController.swift in Sources */,
				66D37A8228FF198200A997A4 /* ViewController.swift in Sources */,
				66D37A7E28FF198200A997A4 /* AppDelegate.swift in Sources */,
				66D37A9F28FF29F300A997A4 /* UIViewController+InitFromSb.swift in Sources */,
				66D37A8028FF198200A997A4 /* SceneDelegate.swift in Sources */,
				66D37A9B28FF27E000A997A4 /* RedViewController.swift in Sources */,
				66D37A9428FF1C7B00A997A4 /* GreenViewController.swift in Sources */,
				66D37A9D28FF285D00A997A4 /* BlueViewController.swift in Sources */,
			);
			runOnlyForDeploymentPostprocessing = 0;
		};
/* End PBXSourcesBuildPhase section */

/* Begin PBXVariantGroup section */
		66D37A8328FF198200A997A4 /* Main.storyboard */ = {
			isa = PBXVariantGroup;
			children = (
				66D37A8428FF198200A997A4 /* Base */,
			);
			name = Main.storyboard;
			sourceTree = "<group>";
		};
		66D37A8828FF198300A997A4 /* LaunchScreen.storyboard */ = {
			isa = PBXVariantGroup;
			children = (
				66D37A8928FF198300A997A4 /* Base */,
			);
			name = LaunchScreen.storyboard;
			sourceTree = "<group>";
		};
/* End PBXVariantGroup section */

/* Begin XCBuildConfiguration section */
		66D37A8C28FF198300A997A4 /* Debug */ = {
			isa = XCBuildConfiguration;
			buildSettings = {
				ALWAYS_SEARCH_USER_PATHS = NO;
				CLANG_ANALYZER_NONNULL = YES;
				CLANG_ANALYZER_NUMBER_OBJECT_CONVERSION = YES_AGGRESSIVE;
				CLANG_CXX_LANGUAGE_STANDARD = "gnu++20";
				CLANG_ENABLE_MODULES = YES;
				CLANG_ENABLE_OBJC_ARC = YES;
				CLANG_ENABLE_OBJC_WEAK = YES;
				CLANG_WARN_BLOCK_CAPTURE_AUTORELEASING = YES;
				CLANG_WARN_BOOL_CONVERSION = YES;
				CLANG_WARN_COMMA = YES;
				CLANG_WARN_CONSTANT_CONVERSION = YES;
				CLANG_WARN_DEPRECATED_OBJC_IMPLEMENTATIONS = YES;
				CLANG_WARN_DIRECT_OBJC_ISA_USAGE = YES_ERROR;
				CLANG_WARN_DOCUMENTATION_COMMENTS = YES;
				CLANG_WARN_EMPTY_BODY = YES;
				CLANG_WARN_ENUM_CONVERSION = YES;
				CLANG_WARN_INFINITE_RECURSION = YES;
				CLANG_WARN_INT_CONVERSION = YES;
				CLANG_WARN_NON_LITERAL_NULL_CONVERSION = YES;
				CLANG_WARN_OBJC_IMPLICIT_RETAIN_SELF = YES;
				CLANG_WARN_OBJC_LITERAL_CONVERSION = YES;
				CLANG_WARN_OBJC_ROOT_CLASS = YES_ERROR;
				CLANG_WARN_QUOTED_INCLUDE_IN_FRAMEWORK_HEADER = YES;
				CLANG_WARN_RANGE_LOOP_ANALYSIS = YES;
				CLANG_WARN_STRICT_PROTOTYPES = YES;
				CLANG_WARN_SUSPICIOUS_MOVE = YES;
				CLANG_WARN_UNGUARDED_AVAILABILITY = YES_AGGRESSIVE;
				CLANG_WARN_UNREACHABLE_CODE = YES;
				CLANG_WARN__DUPLICATE_METHOD_MATCH = YES;
				COPY_PHASE_STRIP = NO;
				DEBUG_INFORMATION_FORMAT = dwarf;
				ENABLE_STRICT_OBJC_MSGSEND = YES;
				ENABLE_TESTABILITY = YES;
				GCC_C_LANGUAGE_STANDARD = gnu11;
				GCC_DYNAMIC_NO_PIC = NO;
				GCC_NO_COMMON_BLOCKS = YES;
				GCC_OPTIMIZATION_LEVEL = 0;
				GCC_PREPROCESSOR_DEFINITIONS = (
					"DEBUG=1",
					"$(inherited)",
				);
				GCC_WARN_64_TO_32_BIT_CONVERSION = YES;
				GCC_WARN_ABOUT_RETURN_TYPE = YES_ERROR;
				GCC_WARN_UNDECLARED_SELECTOR = YES;
				GCC_WARN_UNINITIALIZED_AUTOS = YES_AGGRESSIVE;
				GCC_WARN_UNUSED_FUNCTION = YES;
				GCC_WARN_UNUSED_VARIABLE = YES;
				IPHONEOS_DEPLOYMENT_TARGET = 16.0;
				MTL_ENABLE_DEBUG_INFO = INCLUDE_SOURCE;
				MTL_FAST_MATH = YES;
				ONLY_ACTIVE_ARCH = YES;
				SDKROOT = iphoneos;
				SWIFT_ACTIVE_COMPILATION_CONDITIONS = DEBUG;
				SWIFT_OPTIMIZATION_LEVEL = "-Onone";
			};
			name = Debug;
		};
		66D37A8D28FF198300A997A4 /* Release */ = {
			isa = XCBuildConfiguration;
			buildSettings = {
				ALWAYS_SEARCH_USER_PATHS = NO;
				CLANG_ANALYZER_NONNULL = YES;
				CLANG_ANALYZER_NUMBER_OBJECT_CONVERSION = YES_AGGRESSIVE;
				CLANG_CXX_LANGUAGE_STANDARD = "gnu++20";
				CLANG_ENABLE_MODULES = YES;
				CLANG_ENABLE_OBJC_ARC = YES;
				CLANG_ENABLE_OBJC_WEAK = YES;
				CLANG_WARN_BLOCK_CAPTURE_AUTORELEASING = YES;
				CLANG_WARN_BOOL_CONVERSION = YES;
				CLANG_WARN_COMMA = YES;
				CLANG_WARN_CONSTANT_CONVERSION = YES;
				CLANG_WARN_DEPRECATED_OBJC_IMPLEMENTATIONS = YES;
				CLANG_WARN_DIRECT_OBJC_ISA_USAGE = YES_ERROR;
				CLANG_WARN_DOCUMENTATION_COMMENTS = YES;
				CLANG_WARN_EMPTY_BODY = YES;
				CLANG_WARN_ENUM_CONVERSION = YES;
				CLANG_WARN_INFINITE_RECURSION = YES;
				CLANG_WARN_INT_CONVERSION = YES;
				CLANG_WARN_NON_LITERAL_NULL_CONVERSION = YES;
				CLANG_WARN_OBJC_IMPLICIT_RETAIN_SELF = YES;
				CLANG_WARN_OBJC_LITERAL_CONVERSION = YES;
				CLANG_WARN_OBJC_ROOT_CLASS = YES_ERROR;
				CLANG_WARN_QUOTED_INCLUDE_IN_FRAMEWORK_HEADER = YES;
				CLANG_WARN_RANGE_LOOP_ANALYSIS = YES;
				CLANG_WARN_STRICT_PROTOTYPES = YES;
				CLANG_WARN_SUSPICIOUS_MOVE = YES;
				CLANG_WARN_UNGUARDED_AVAILABILITY = YES_AGGRESSIVE;
				CLANG_WARN_UNREACHABLE_CODE = YES;
				CLANG_WARN__DUPLICATE_METHOD_MATCH = YES;
				COPY_PHASE_STRIP = NO;
				DEBUG_INFORMATION_FORMAT = "dwarf-with-dsym";
				ENABLE_NS_ASSERTIONS = NO;
				ENABLE_STRICT_OBJC_MSGSEND = YES;
				GCC_C_LANGUAGE_STANDARD = gnu11;
				GCC_NO_COMMON_BLOCKS = YES;
				GCC_WARN_64_TO_32_BIT_CONVERSION = YES;
				GCC_WARN_ABOUT_RETURN_TYPE = YES_ERROR;
				GCC_WARN_UNDECLARED_SELECTOR = YES;
				GCC_WARN_UNINITIALIZED_AUTOS = YES_AGGRESSIVE;
				GCC_WARN_UNUSED_FUNCTION = YES;
				GCC_WARN_UNUSED_VARIABLE = YES;
				IPHONEOS_DEPLOYMENT_TARGET = 16.0;
				MTL_ENABLE_DEBUG_INFO = NO;
				MTL_FAST_MATH = YES;
				SDKROOT = iphoneos;
				SWIFT_COMPILATION_MODE = wholemodule;
				SWIFT_OPTIMIZATION_LEVEL = "-O";
				VALIDATE_PRODUCT = YES;
			};
			name = Release;
		};
		66D37A8F28FF198300A997A4 /* Debug */ = {
			isa = XCBuildConfiguration;
			buildSettings = {
				ASSETCATALOG_COMPILER_APPICON_NAME = AppIcon;
				ASSETCATALOG_COMPILER_GLOBAL_ACCENT_COLOR_NAME = AccentColor;
				CODE_SIGN_STYLE = Automatic;
				CURRENT_PROJECT_VERSION = 1;
				DEVELOPMENT_TEAM = RDUKAUVKAW;
				GENERATE_INFOPLIST_FILE = YES;
				INFOPLIST_FILE = "18-Segues/Info.plist";
				INFOPLIST_KEY_UIApplicationSupportsIndirectInputEvents = YES;
				INFOPLIST_KEY_UILaunchStoryboardName = LaunchScreen;
				INFOPLIST_KEY_UIMainStoryboardFile = Main;
				INFOPLIST_KEY_UISupportedInterfaceOrientations_iPad = "UIInterfaceOrientationPortrait UIInterfaceOrientationPortraitUpsideDown UIInterfaceOrientationLandscapeLeft UIInterfaceOrientationLandscapeRight";
				INFOPLIST_KEY_UISupportedInterfaceOrientations_iPhone = "UIInterfaceOrientationPortrait UIInterfaceOrientationLandscapeLeft UIInterfaceOrientationLandscapeRight";
				LD_RUNPATH_SEARCH_PATHS = (
					"$(inherited)",
					"@executable_path/Frameworks",
				);
				MARKETING_VERSION = 1.0;
				PRODUCT_BUNDLE_IDENTIFIER = "amelkin.-8-Segues";
				PRODUCT_NAME = "$(TARGET_NAME)";
				SWIFT_EMIT_LOC_STRINGS = YES;
				SWIFT_VERSION = 5.0;
				TARGETED_DEVICE_FAMILY = "1,2";
			};
			name = Debug;
		};
		66D37A9028FF198300A997A4 /* Release */ = {
			isa = XCBuildConfiguration;
			buildSettings = {
				ASSETCATALOG_COMPILER_APPICON_NAME = AppIcon;
				ASSETCATALOG_COMPILER_GLOBAL_ACCENT_COLOR_NAME = AccentColor;
				CODE_SIGN_STYLE = Automatic;
				CURRENT_PROJECT_VERSION = 1;
				DEVELOPMENT_TEAM = RDUKAUVKAW;
				GENERATE_INFOPLIST_FILE = YES;
				INFOPLIST_FILE = "18-Segues/Info.plist";
				INFOPLIST_KEY_UIApplicationSupportsIndirectInputEvents = YES;
				INFOPLIST_KEY_UILaunchStoryboardName = LaunchScreen;
				INFOPLIST_KEY_UIMainStoryboardFile = Main;
				INFOPLIST_KEY_UISupportedInterfaceOrientations_iPad = "UIInterfaceOrientationPortrait UIInterfaceOrientationPortraitUpsideDown UIInterfaceOrientationLandscapeLeft UIInterfaceOrientationLandscapeRight";
				INFOPLIST_KEY_UISupportedInterfaceOrientations_iPhone = "UIInterfaceOrientationPortrait UIInterfaceOrientationLandscapeLeft UIInterfaceOrientationLandscapeRight";
				LD_RUNPATH_SEARCH_PATHS = (
					"$(inherited)",
					"@executable_path/Frameworks",
				);
				MARKETING_VERSION = 1.0;
				PRODUCT_BUNDLE_IDENTIFIER = "amelkin.-8-Segues";
				PRODUCT_NAME = "$(TARGET_NAME)";
				SWIFT_EMIT_LOC_STRINGS = YES;
				SWIFT_VERSION = 5.0;
				TARGETED_DEVICE_FAMILY = "1,2";
			};
			name = Release;
		};
/* End XCBuildConfiguration section */

/* Begin XCConfigurationList section */
		66D37A7528FF198200A997A4 /* Build configuration list for PBXProject "18-Segues" */ = {
			isa = XCConfigurationList;
			buildConfigurations = (
				66D37A8C28FF198300A997A4 /* Debug */,
				66D37A8D28FF198300A997A4 /* Release */,
			);
			defaultConfigurationIsVisible = 0;
			defaultConfigurationName = Release;
		};
		66D37A8E28FF198300A997A4 /* Build configuration list for PBXNativeTarget "18-Segues" */ = {
			isa = XCConfigurationList;
			buildConfigurations = (
				66D37A8F28FF198300A997A4 /* Debug */,
				66D37A9028FF198300A997A4 /* Release */,
			);
			defaultConfigurationIsVisible = 0;
			defaultConfigurationName = Release;
		};
/* End XCConfigurationList section */
	};
	rootObject = 66D37A7228FF198200A997A4 /* Project object */;
}
